// !$*UTF8*$!
{
	archiveVersion = 1;
	classes = {
	};
	objectVersion = 77;
	objects = {

/* Begin PBXContainerItemProxy section */
		7CF4183E2D4F1C130095FFD8 /* PBXContainerItemProxy */ = {
			isa = PBXContainerItemProxy;
			containerPortal = 7CF418252D4F1C130095FFD8 /* Project object */;
			proxyType = 1;
			remoteGlobalIDString = 7CF4182C2D4F1C130095FFD8;
			remoteInfo = Frontend_wav2lip;
		};
		7CF418482D4F1C130095FFD8 /* PBXContainerItemProxy */ = {
			isa = PBXContainerItemProxy;
			containerPortal = 7CF418252D4F1C130095FFD8 /* Project object */;
			proxyType = 1;
			remoteGlobalIDString = 7CF4182C2D4F1C130095FFD8;
			remoteInfo = Frontend_wav2lip;
		};
/* End PBXContainerItemProxy section */

/* Begin PBXFileReference section */
		7CF4182D2D4F1C130095FFD8 /* Frontend_wav2lip.app */ = {isa = PBXFileReference; explicitFileType = wrapper.application; includeInIndex = 0; path = Frontend_wav2lip.app; sourceTree = BUILT_PRODUCTS_DIR; };
		7CF4183D2D4F1C130095FFD8 /* Frontend_wav2lipTests.xctest */ = {isa = PBXFileReference; explicitFileType = wrapper.cfbundle; includeInIndex = 0; path = Frontend_wav2lipTests.xctest; sourceTree = BUILT_PRODUCTS_DIR; };
		7CF418472D4F1C130095FFD8 /* Frontend_wav2lipUITests.xctest */ = {isa = PBXFileReference; explicitFileType = wrapper.cfbundle; includeInIndex = 0; path = Frontend_wav2lipUITests.xctest; sourceTree = BUILT_PRODUCTS_DIR; };
		C3244AC82D516B6F0070998F /* Frontend_wav2lip.entitlements */ = {isa = PBXFileReference; lastKnownFileType = text.plist.entitlements; path = Frontend_wav2lip.entitlements; sourceTree = "<group>"; };
/* End PBXFileReference section */

/* Begin PBXFileSystemSynchronizedRootGroup section */
		7CF4182F2D4F1C130095FFD8 /* Frontend_wav2lip */ = {
			isa = PBXFileSystemSynchronizedRootGroup;
			path = Frontend_wav2lip;
			sourceTree = "<group>";
		};
		7CF418402D4F1C130095FFD8 /* Frontend_wav2lipTests */ = {
			isa = PBXFileSystemSynchronizedRootGroup;
			path = Frontend_wav2lipTests;
			sourceTree = "<group>";
		};
		7CF4184A2D4F1C130095FFD8 /* Frontend_wav2lipUITests */ = {
			isa = PBXFileSystemSynchronizedRootGroup;
			path = Frontend_wav2lipUITests;
			sourceTree = "<group>";
		};
/* End PBXFileSystemSynchronizedRootGroup section */

/* Begin PBXFrameworksBuildPhase section */
		7CF4182A2D4F1C130095FFD8 /* Frameworks */ = {
			isa = PBXFrameworksBuildPhase;
			buildActionMask = 2147483647;
			files = (
			);
			runOnlyForDeploymentPostprocessing = 0;
		};
		7CF4183A2D4F1C130095FFD8 /* Frameworks */ = {
			isa = PBXFrameworksBuildPhase;
			buildActionMask = 2147483647;
			files = (
			);
			runOnlyForDeploymentPostprocessing = 0;
		};
		7CF418442D4F1C130095FFD8 /* Frameworks */ = {
			isa = PBXFrameworksBuildPhase;
			buildActionMask = 2147483647;
			files = (
			);
			runOnlyForDeploymentPostprocessing = 0;
		};
/* End PBXFrameworksBuildPhase section */

/* Begin PBXGroup section */
		7CF418242D4F1C130095FFD8 = {
			isa = PBXGroup;
			children = (
				7CF4182F2D4F1C130095FFD8 /* Frontend_wav2lip */,
				7CF418402D4F1C130095FFD8 /* Frontend_wav2lipTests */,
				7CF4184A2D4F1C130095FFD8 /* Frontend_wav2lipUITests */,
				7CF4182E2D4F1C130095FFD8 /* Products */,
				C3244AC82D516B6F0070998F /* Frontend_wav2lip.entitlements */,
			);
			sourceTree = "<group>";
		};
		7CF4182E2D4F1C130095FFD8 /* Products */ = {
			isa = PBXGroup;
			children = (
				7CF4182D2D4F1C130095FFD8 /* Frontend_wav2lip.app */,
				7CF4183D2D4F1C130095FFD8 /* Frontend_wav2lipTests.xctest */,
				7CF418472D4F1C130095FFD8 /* Frontend_wav2lipUITests.xctest */,
			);
			name = Products;
			sourceTree = "<group>";
		};
/* End PBXGroup section */

/* Begin PBXNativeTarget section */
		7CF4182C2D4F1C130095FFD8 /* Frontend_wav2lip */ = {
			isa = PBXNativeTarget;
			buildConfigurationList = 7CF418512D4F1C130095FFD8 /* Build configuration list for PBXNativeTarget "Frontend_wav2lip" */;
			buildPhases = (
				7CF418292D4F1C130095FFD8 /* Sources */,
				7CF4182A2D4F1C130095FFD8 /* Frameworks */,
				7CF4182B2D4F1C130095FFD8 /* Resources */,
			);
			buildRules = (
			);
			dependencies = (
			);
			fileSystemSynchronizedGroups = (
				7CF4182F2D4F1C130095FFD8 /* Frontend_wav2lip */,
			);
			name = Frontend_wav2lip;
			packageProductDependencies = (
			);
			productName = Frontend_wav2lip;
			productReference = 7CF4182D2D4F1C130095FFD8 /* Frontend_wav2lip.app */;
			productType = "com.apple.product-type.application";
		};
		7CF4183C2D4F1C130095FFD8 /* Frontend_wav2lipTests */ = {
			isa = PBXNativeTarget;
			buildConfigurationList = 7CF418542D4F1C130095FFD8 /* Build configuration list for PBXNativeTarget "Frontend_wav2lipTests" */;
			buildPhases = (
				7CF418392D4F1C130095FFD8 /* Sources */,
				7CF4183A2D4F1C130095FFD8 /* Frameworks */,
				7CF4183B2D4F1C130095FFD8 /* Resources */,
			);
			buildRules = (
			);
			dependencies = (
				7CF4183F2D4F1C130095FFD8 /* PBXTargetDependency */,
			);
			fileSystemSynchronizedGroups = (
				7CF418402D4F1C130095FFD8 /* Frontend_wav2lipTests */,
			);
			name = Frontend_wav2lipTests;
			packageProductDependencies = (
			);
			productName = Frontend_wav2lipTests;
			productReference = 7CF4183D2D4F1C130095FFD8 /* Frontend_wav2lipTests.xctest */;
			productType = "com.apple.product-type.bundle.unit-test";
		};
		7CF418462D4F1C130095FFD8 /* Frontend_wav2lipUITests */ = {
			isa = PBXNativeTarget;
			buildConfigurationList = 7CF418572D4F1C130095FFD8 /* Build configuration list for PBXNativeTarget "Frontend_wav2lipUITests" */;
			buildPhases = (
				7CF418432D4F1C130095FFD8 /* Sources */,
				7CF418442D4F1C130095FFD8 /* Frameworks */,
				7CF418452D4F1C130095FFD8 /* Resources */,
			);
			buildRules = (
			);
			dependencies = (
				7CF418492D4F1C130095FFD8 /* PBXTargetDependency */,
			);
			fileSystemSynchronizedGroups = (
				7CF4184A2D4F1C130095FFD8 /* Frontend_wav2lipUITests */,
			);
			name = Frontend_wav2lipUITests;
			packageProductDependencies = (
			);
			productName = Frontend_wav2lipUITests;
			productReference = 7CF418472D4F1C130095FFD8 /* Frontend_wav2lipUITests.xctest */;
			productType = "com.apple.product-type.bundle.ui-testing";
		};
/* End PBXNativeTarget section */

/* Begin PBXProject section */
		7CF418252D4F1C130095FFD8 /* Project object */ = {
			isa = PBXProject;
			attributes = {
				BuildIndependentTargetsInParallel = 1;
				LastSwiftUpdateCheck = 1620;
				LastUpgradeCheck = 1620;
				TargetAttributes = {
					7CF4182C2D4F1C130095FFD8 = {
						CreatedOnToolsVersion = 16.2;
					};
					7CF4183C2D4F1C130095FFD8 = {
						CreatedOnToolsVersion = 16.2;
						TestTargetID = 7CF4182C2D4F1C130095FFD8;
					};
					7CF418462D4F1C130095FFD8 = {
						CreatedOnToolsVersion = 16.2;
						TestTargetID = 7CF4182C2D4F1C130095FFD8;
					};
				};
			};
			buildConfigurationList = 7CF418282D4F1C130095FFD8 /* Build configuration list for PBXProject "Frontend_wav2lip" */;
			developmentRegion = en;
			hasScannedForEncodings = 0;
			knownRegions = (
				en,
				Base,
			);
			mainGroup = 7CF418242D4F1C130095FFD8;
			minimizedProjectReferenceProxies = 1;
			preferredProjectObjectVersion = 77;
			productRefGroup = 7CF4182E2D4F1C130095FFD8 /* Products */;
			projectDirPath = "";
			projectRoot = "";
			targets = (
				7CF4182C2D4F1C130095FFD8 /* Frontend_wav2lip */,
				7CF4183C2D4F1C130095FFD8 /* Frontend_wav2lipTests */,
				7CF418462D4F1C130095FFD8 /* Frontend_wav2lipUITests */,
			);
		};
/* End PBXProject section */

/* Begin PBXResourcesBuildPhase section */
		7CF4182B2D4F1C130095FFD8 /* Resources */ = {
			isa = PBXResourcesBuildPhase;
			buildActionMask = 2147483647;
			files = (
			);
			runOnlyForDeploymentPostprocessing = 0;
		};
		7CF4183B2D4F1C130095FFD8 /* Resources */ = {
			isa = PBXResourcesBuildPhase;
			buildActionMask = 2147483647;
			files = (
			);
			runOnlyForDeploymentPostprocessing = 0;
		};
		7CF418452D4F1C130095FFD8 /* Resources */ = {
			isa = PBXResourcesBuildPhase;
			buildActionMask = 2147483647;
			files = (
			);
			runOnlyForDeploymentPostprocessing = 0;
		};
/* End PBXResourcesBuildPhase section */

/* Begin PBXSourcesBuildPhase section */
		7CF418292D4F1C130095FFD8 /* Sources */ = {
			isa = PBXSourcesBuildPhase;
			buildActionMask = 2147483647;
			files = (
			);
			runOnlyForDeploymentPostprocessing = 0;
		};
		7CF418392D4F1C130095FFD8 /* Sources */ = {
			isa = PBXSourcesBuildPhase;
			buildActionMask = 2147483647;
			files = (
			);
			runOnlyForDeploymentPostprocessing = 0;
		};
		7CF418432D4F1C130095FFD8 /* Sources */ = {
			isa = PBXSourcesBuildPhase;
			buildActionMask = 2147483647;
			files = (
			);
			runOnlyForDeploymentPostprocessing = 0;
		};
/* End PBXSourcesBuildPhase section */

/* Begin PBXTargetDependency section */
		7CF4183F2D4F1C130095FFD8 /* PBXTargetDependency */ = {
			isa = PBXTargetDependency;
			target = 7CF4182C2D4F1C130095FFD8 /* Frontend_wav2lip */;
			targetProxy = 7CF4183E2D4F1C130095FFD8 /* PBXContainerItemProxy */;
		};
		7CF418492D4F1C130095FFD8 /* PBXTargetDependency */ = {
			isa = PBXTargetDependency;
			target = 7CF4182C2D4F1C130095FFD8 /* Frontend_wav2lip */;
			targetProxy = 7CF418482D4F1C130095FFD8 /* PBXContainerItemProxy */;
		};
/* End PBXTargetDependency section */

/* Begin XCBuildConfiguration section */
		7CF4184F2D4F1C130095FFD8 /* Debug */ = {
			isa = XCBuildConfiguration;
			buildSettings = {
				ALWAYS_SEARCH_USER_PATHS = NO;
				ASSETCATALOG_COMPILER_GENERATE_SWIFT_ASSET_SYMBOL_EXTENSIONS = YES;
				CLANG_ANALYZER_NONNULL = YES;
				CLANG_ANALYZER_NUMBER_OBJECT_CONVERSION = YES_AGGRESSIVE;
				CLANG_CXX_LANGUAGE_STANDARD = "gnu++20";
				CLANG_ENABLE_MODULES = YES;
				CLANG_ENABLE_OBJC_ARC = YES;
				CLANG_ENABLE_OBJC_WEAK = YES;
				CLANG_WARN_BLOCK_CAPTURE_AUTORELEASING = YES;
				CLANG_WARN_BOOL_CONVERSION = YES;
				CLANG_WARN_COMMA = YES;
				CLANG_WARN_CONSTANT_CONVERSION = YES;
				CLANG_WARN_DEPRECATED_OBJC_IMPLEMENTATIONS = YES;
				CLANG_WARN_DIRECT_OBJC_ISA_USAGE = YES_ERROR;
				CLANG_WARN_DOCUMENTATION_COMMENTS = YES;
				CLANG_WARN_EMPTY_BODY = YES;
				CLANG_WARN_ENUM_CONVERSION = YES;
				CLANG_WARN_INFINITE_RECURSION = YES;
				CLANG_WARN_INT_CONVERSION = YES;
				CLANG_WARN_NON_LITERAL_NULL_CONVERSION = YES;
				CLANG_WARN_OBJC_IMPLICIT_RETAIN_SELF = YES;
				CLANG_WARN_OBJC_LITERAL_CONVERSION = YES;
				CLANG_WARN_OBJC_ROOT_CLASS = YES_ERROR;
				CLANG_WARN_QUOTED_INCLUDE_IN_FRAMEWORK_HEADER = YES;
				CLANG_WARN_RANGE_LOOP_ANALYSIS = YES;
				CLANG_WARN_STRICT_PROTOTYPES = YES;
				CLANG_WARN_SUSPICIOUS_MOVE = YES;
				CLANG_WARN_UNGUARDED_AVAILABILITY = YES_AGGRESSIVE;
				CLANG_WARN_UNREACHABLE_CODE = YES;
				CLANG_WARN__DUPLICATE_METHOD_MATCH = YES;
				COPY_PHASE_STRIP = NO;
				DEBUG_INFORMATION_FORMAT = dwarf;
				ENABLE_STRICT_OBJC_MSGSEND = YES;
				ENABLE_TESTABILITY = YES;
				ENABLE_USER_SCRIPT_SANDBOXING = YES;
				GCC_C_LANGUAGE_STANDARD = gnu17;
				GCC_DYNAMIC_NO_PIC = NO;
				GCC_NO_COMMON_BLOCKS = YES;
				GCC_OPTIMIZATION_LEVEL = 0;
				GCC_PREPROCESSOR_DEFINITIONS = (
					"DEBUG=1",
					"$(inherited)",
				);
				GCC_WARN_64_TO_32_BIT_CONVERSION = YES;
				GCC_WARN_ABOUT_RETURN_TYPE = YES_ERROR;
				GCC_WARN_UNDECLARED_SELECTOR = YES;
				GCC_WARN_UNINITIALIZED_AUTOS = YES_AGGRESSIVE;
				GCC_WARN_UNUSED_FUNCTION = YES;
				GCC_WARN_UNUSED_VARIABLE = YES;
				IPHONEOS_DEPLOYMENT_TARGET = 18.2;
				LOCALIZATION_PREFERS_STRING_CATALOGS = YES;
				MTL_ENABLE_DEBUG_INFO = INCLUDE_SOURCE;
				MTL_FAST_MATH = YES;
				ONLY_ACTIVE_ARCH = YES;
				SDKROOT = iphoneos;
				SWIFT_ACTIVE_COMPILATION_CONDITIONS = "DEBUG $(inherited)";
				SWIFT_OPTIMIZATION_LEVEL = "-Onone";
			};
			name = Debug;
		};
		7CF418502D4F1C130095FFD8 /* Release */ = {
			isa = XCBuildConfiguration;
			buildSettings = {
				ALWAYS_SEARCH_USER_PATHS = NO;
				ASSETCATALOG_COMPILER_GENERATE_SWIFT_ASSET_SYMBOL_EXTENSIONS = YES;
				CLANG_ANALYZER_NONNULL = YES;
				CLANG_ANALYZER_NUMBER_OBJECT_CONVERSION = YES_AGGRESSIVE;
				CLANG_CXX_LANGUAGE_STANDARD = "gnu++20";
				CLANG_ENABLE_MODULES = YES;
				CLANG_ENABLE_OBJC_ARC = YES;
				CLANG_ENABLE_OBJC_WEAK = YES;
				CLANG_WARN_BLOCK_CAPTURE_AUTORELEASING = YES;
				CLANG_WARN_BOOL_CONVERSION = YES;
				CLANG_WARN_COMMA = YES;
				CLANG_WARN_CONSTANT_CONVERSION = YES;
				CLANG_WARN_DEPRECATED_OBJC_IMPLEMENTATIONS = YES;
				CLANG_WARN_DIRECT_OBJC_ISA_USAGE = YES_ERROR;
				CLANG_WARN_DOCUMENTATION_COMMENTS = YES;
				CLANG_WARN_EMPTY_BODY = YES;
				CLANG_WARN_ENUM_CONVERSION = YES;
				CLANG_WARN_INFINITE_RECURSION = YES;
				CLANG_WARN_INT_CONVERSION = YES;
				CLANG_WARN_NON_LITERAL_NULL_CONVERSION = YES;
				CLANG_WARN_OBJC_IMPLICIT_RETAIN_SELF = YES;
				CLANG_WARN_OBJC_LITERAL_CONVERSION = YES;
				CLANG_WARN_OBJC_ROOT_CLASS = YES_ERROR;
				CLANG_WARN_QUOTED_INCLUDE_IN_FRAMEWORK_HEADER = YES;
				CLANG_WARN_RANGE_LOOP_ANALYSIS = YES;
				CLANG_WARN_STRICT_PROTOTYPES = YES;
				CLANG_WARN_SUSPICIOUS_MOVE = YES;
				CLANG_WARN_UNGUARDED_AVAILABILITY = YES_AGGRESSIVE;
				CLANG_WARN_UNREACHABLE_CODE = YES;
				CLANG_WARN__DUPLICATE_METHOD_MATCH = YES;
				COPY_PHASE_STRIP = NO;
				DEBUG_INFORMATION_FORMAT = "dwarf-with-dsym";
				ENABLE_NS_ASSERTIONS = NO;
				ENABLE_STRICT_OBJC_MSGSEND = YES;
				ENABLE_USER_SCRIPT_SANDBOXING = YES;
				GCC_C_LANGUAGE_STANDARD = gnu17;
				GCC_NO_COMMON_BLOCKS = YES;
				GCC_WARN_64_TO_32_BIT_CONVERSION = YES;
				GCC_WARN_ABOUT_RETURN_TYPE = YES_ERROR;
				GCC_WARN_UNDECLARED_SELECTOR = YES;
				GCC_WARN_UNINITIALIZED_AUTOS = YES_AGGRESSIVE;
				GCC_WARN_UNUSED_FUNCTION = YES;
				GCC_WARN_UNUSED_VARIABLE = YES;
				IPHONEOS_DEPLOYMENT_TARGET = 18.2;
				LOCALIZATION_PREFERS_STRING_CATALOGS = YES;
				MTL_ENABLE_DEBUG_INFO = NO;
				MTL_FAST_MATH = YES;
				SDKROOT = iphoneos;
				SWIFT_COMPILATION_MODE = wholemodule;
				VALIDATE_PRODUCT = YES;
			};
			name = Release;
		};
		7CF418522D4F1C130095FFD8 /* Debug */ = {
			isa = XCBuildConfiguration;
			buildSettings = {
				ASSETCATALOG_COMPILER_APPICON_NAME = AppIcon;
				ASSETCATALOG_COMPILER_GLOBAL_ACCENT_COLOR_NAME = AccentColor;
				CODE_SIGN_STYLE = Automatic;
				CURRENT_PROJECT_VERSION = 1;
				DEVELOPMENT_ASSET_PATHS = "\"Frontend_wav2lip/Preview Content\"";
				DEVELOPMENT_TEAM = W7357AL6XF;
				ENABLE_PREVIEWS = YES;
				GENERATE_INFOPLIST_FILE = YES;
				INFOPLIST_KEY_MetalCaptureEnabled = YES;
				INFOPLIST_KEY_NSMicrophoneUsageDescription = "Microphone access is needed for lip sync functionality";
				INFOPLIST_KEY_UIApplicationSceneManifest_Generation = YES;
				INFOPLIST_KEY_UIApplicationSupportsIndirectInputEvents = YES;
				INFOPLIST_KEY_UILaunchScreen_Generation = YES;
				INFOPLIST_KEY_UISupportedInterfaceOrientations_iPad = "UIInterfaceOrientationPortrait UIInterfaceOrientationPortraitUpsideDown UIInterfaceOrientationLandscapeLeft UIInterfaceOrientationLandscapeRight";
				INFOPLIST_KEY_UISupportedInterfaceOrientations_iPhone = "UIInterfaceOrientationPortrait UIInterfaceOrientationLandscapeLeft UIInterfaceOrientationLandscapeRight";
				LD_RUNPATH_SEARCH_PATHS = (
					"$(inherited)",
					"@executable_path/Frameworks",
				);
				MARKETING_VERSION = 1.0;
				PRODUCT_BUNDLE_IDENTIFIER = vibha.com;
				PRODUCT_NAME = "$(TARGET_NAME)";
				SWIFT_EMIT_LOC_STRINGS = YES;
				SWIFT_VERSION = 5.0;
				TARGETED_DEVICE_FAMILY = "1,2";
			};
			name = Debug;
		};
		7CF418532D4F1C130095FFD8 /* Release */ = {
			isa = XCBuildConfiguration;
			buildSettings = {
				ASSETCATALOG_COMPILER_APPICON_NAME = AppIcon;
				ASSETCATALOG_COMPILER_GLOBAL_ACCENT_COLOR_NAME = AccentColor;
				CODE_SIGN_STYLE = Automatic;
				CURRENT_PROJECT_VERSION = 1;
				DEVELOPMENT_ASSET_PATHS = "\"Frontend_wav2lip/Preview Content\"";
				DEVELOPMENT_TEAM = W7357AL6XF;
				ENABLE_PREVIEWS = YES;
				GENERATE_INFOPLIST_FILE = YES;
				INFOPLIST_KEY_MetalCaptureEnabled = YES;
				INFOPLIST_KEY_NSMicrophoneUsageDescription = "Microphone access is needed for lip sync functionality";
				INFOPLIST_KEY_UIApplicationSceneManifest_Generation = YES;
				INFOPLIST_KEY_UIApplicationSupportsIndirectInputEvents = YES;
				INFOPLIST_KEY_UILaunchScreen_Generation = YES;
				INFOPLIST_KEY_UISupportedInterfaceOrientations_iPad = "UIInterfaceOrientationPortrait UIInterfaceOrientationPortraitUpsideDown UIInterfaceOrientationLandscapeLeft UIInterfaceOrientationLandscapeRight";
				INFOPLIST_KEY_UISupportedInterfaceOrientations_iPhone = "UIInterfaceOrientationPortrait UIInterfaceOrientationLandscapeLeft UIInterfaceOrientationLandscapeRight";
				LD_RUNPATH_SEARCH_PATHS = (
					"$(inherited)",
					"@executable_path/Frameworks",
				);
				MARKETING_VERSION = 1.0;
				PRODUCT_BUNDLE_IDENTIFIER = vibha.com;
				PRODUCT_NAME = "$(TARGET_NAME)";
				SWIFT_EMIT_LOC_STRINGS = YES;
				SWIFT_VERSION = 5.0;
				TARGETED_DEVICE_FAMILY = "1,2";
			};
			name = Release;
		};
		7CF418552D4F1C130095FFD8 /* Debug */ = {
			isa = XCBuildConfiguration;
			buildSettings = {
				BUNDLE_LOADER = "$(TEST_HOST)";
				CODE_SIGN_STYLE = Automatic;
				CURRENT_PROJECT_VERSION = 1;
				DEVELOPMENT_TEAM = V7H5936986;
				GENERATE_INFOPLIST_FILE = YES;
				IPHONEOS_DEPLOYMENT_TARGET = 18.2;
				MARKETING_VERSION = 1.0;
				PRODUCT_BUNDLE_IDENTIFIER = "coreml-1.Frontend-wav2lipTests";
				PRODUCT_NAME = "$(TARGET_NAME)";
				SWIFT_EMIT_LOC_STRINGS = NO;
				SWIFT_VERSION = 5.0;
				TARGETED_DEVICE_FAMILY = "1,2";
				TEST_HOST = "$(BUILT_PRODUCTS_DIR)/Frontend_wav2lip.app/$(BUNDLE_EXECUTABLE_FOLDER_PATH)/Frontend_wav2lip";
			};
			name = Debug;
		};
		7CF418562D4F1C130095FFD8 /* Release */ = {
			isa = XCBuildConfiguration;
			buildSettings = {
				BUNDLE_LOADER = "$(TEST_HOST)";
				CODE_SIGN_STYLE = Automatic;
				CURRENT_PROJECT_VERSION = 1;
				DEVELOPMENT_TEAM = V7H5936986;
				GENERATE_INFOPLIST_FILE = YES;
				IPHONEOS_DEPLOYMENT_TARGET = 18.2;
				MARKETING_VERSION = 1.0;
				PRODUCT_BUNDLE_IDENTIFIER = "coreml-1.Frontend-wav2lipTests";
				PRODUCT_NAME = "$(TARGET_NAME)";
				SWIFT_EMIT_LOC_STRINGS = NO;
				SWIFT_VERSION = 5.0;
				TARGETED_DEVICE_FAMILY = "1,2";
				TEST_HOST = "$(BUILT_PRODUCTS_DIR)/Frontend_wav2lip.app/$(BUNDLE_EXECUTABLE_FOLDER_PATH)/Frontend_wav2lip";
			};
			name = Release;
		};
		7CF418582D4F1C130095FFD8 /* Debug */ = {
			isa = XCBuildConfiguration;
			buildSettings = {
				CODE_SIGN_STYLE = Automatic;
				CURRENT_PROJECT_VERSION = 1;
				DEVELOPMENT_TEAM = V7H5936986;
				GENERATE_INFOPLIST_FILE = YES;
				MARKETING_VERSION = 1.0;
				PRODUCT_BUNDLE_IDENTIFIER = "coreml-1.Frontend-wav2lipUITests";
				PRODUCT_NAME = "$(TARGET_NAME)";
				SWIFT_EMIT_LOC_STRINGS = NO;
				SWIFT_VERSION = 5.0;
				TARGETED_DEVICE_FAMILY = "1,2";
				TEST_TARGET_NAME = Frontend_wav2lip;
			};
			name = Debug;
		};
		7CF418592D4F1C130095FFD8 /* Release */ = {
			isa = XCBuildConfiguration;
			buildSettings = {
				CODE_SIGN_STYLE = Automatic;
				CURRENT_PROJECT_VERSION = 1;
				DEVELOPMENT_TEAM = V7H5936986;
				GENERATE_INFOPLIST_FILE = YES;
				MARKETING_VERSION = 1.0;
				PRODUCT_BUNDLE_IDENTIFIER = "coreml-1.Frontend-wav2lipUITests";
				PRODUCT_NAME = "$(TARGET_NAME)";
				SWIFT_EMIT_LOC_STRINGS = NO;
				SWIFT_VERSION = 5.0;
				TARGETED_DEVICE_FAMILY = "1,2";
				TEST_TARGET_NAME = Frontend_wav2lip;
			};
			name = Release;
		};
/* End XCBuildConfiguration section */

/* Begin XCConfigurationList section */
		7CF418282D4F1C130095FFD8 /* Build configuration list for PBXProject "Frontend_wav2lip" */ = {
			isa = XCConfigurationList;
			buildConfigurations = (
				7CF4184F2D4F1C130095FFD8 /* Debug */,
				7CF418502D4F1C130095FFD8 /* Release */,
			);
			defaultConfigurationIsVisible = 0;
			defaultConfigurationName = Release;
		};
		7CF418512D4F1C130095FFD8 /* Build configuration list for PBXNativeTarget "Frontend_wav2lip" */ = {
			isa = XCConfigurationList;
			buildConfigurations = (
				7CF418522D4F1C130095FFD8 /* Debug */,
				7CF418532D4F1C130095FFD8 /* Release */,
			);
			defaultConfigurationIsVisible = 0;
			defaultConfigurationName = Release;
		};
		7CF418542D4F1C130095FFD8 /* Build configuration list for PBXNativeTarget "Frontend_wav2lipTests" */ = {
			isa = XCConfigurationList;
			buildConfigurations = (
				7CF418552D4F1C130095FFD8 /* Debug */,
				7CF418562D4F1C130095FFD8 /* Release */,
			);
			defaultConfigurationIsVisible = 0;
			defaultConfigurationName = Release;
		};
		7CF418572D4F1C130095FFD8 /* Build configuration list for PBXNativeTarget "Frontend_wav2lipUITests" */ = {
			isa = XCConfigurationList;
			buildConfigurations = (
				7CF418582D4F1C130095FFD8 /* Debug */,
				7CF418592D4F1C130095FFD8 /* Release */,
			);
			defaultConfigurationIsVisible = 0;
			defaultConfigurationName = Release;
		};
/* End XCConfigurationList section */
	};
	rootObject = 7CF418252D4F1C130095FFD8 /* Project object */;
}
